// !$*UTF8*$!
{
	archiveVersion = 1;
	classes = {
	};
	objectVersion = 46;
	objects = {

/* Begin PBXBuildFile section */
		20FEB34F1CDBFD6C0088FE97 /* main.cpp in Sources */ = {isa = PBXBuildFile; fileRef = 20FEB34E1CDBFD6C0088FE97 /* main.cpp */; };
/* End PBXBuildFile section */

/* Begin PBXCopyFilesBuildPhase section */
		20FEB3491CDBFD6C0088FE97 /* CopyFiles */ = {
			isa = PBXCopyFilesBuildPhase;
			buildActionMask = 2147483647;
			dstPath = /usr/share/man/man1/;
			dstSubfolderSpec = 0;
			files = (
			);
			runOnlyForDeploymentPostprocessing = 1;
		};
/* End PBXCopyFilesBuildPhase section */

/* Begin PBXFileReference section */
		20FEB34B1CDBFD6C0088FE97 /* CStcpSelect */ = {isa = PBXFileReference; explicitFileType = "compiled.mach-o.executable"; includeInIndex = 0; path = CStcpSelect; sourceTree = BUILT_PRODUCTS_DIR; };
		20FEB34E1CDBFD6C0088FE97 /* main.cpp */ = {isa = PBXFileReference; lastKnownFileType = sourcecode.cpp.cpp; path = main.cpp; sourceTree = "<group>"; };
		20FEB3551CDBFD9D0088FE97 /* cipher.h */ = {isa = PBXFileReference; lastKnownFileType = sourcecode.c.h; path = cipher.h; sourceTree = "<group>"; };
		20FEB3561CDC089E0088FE97 /* signOnServer.h */ = {isa = PBXFileReference; lastKnownFileType = sourcecode.c.h; path = signOnServer.h; sourceTree = "<group>"; };
/* End PBXFileReference section */

/* Begin PBXFrameworksBuildPhase section */
		20FEB3481CDBFD6C0088FE97 /* Frameworks */ = {
			isa = PBXFrameworksBuildPhase;
			buildActionMask = 2147483647;
			files = (
			);
			runOnlyForDeploymentPostprocessing = 0;
		};
/* End PBXFrameworksBuildPhase section */

/* Begin PBXGroup section */
		20FEB3421CDBFD6C0088FE97 = {
			isa = PBXGroup;
			children = (
				20FEB34D1CDBFD6C0088FE97 /* CStcpSelect */,
				20FEB34C1CDBFD6C0088FE97 /* Products */,
			);
			sourceTree = "<group>";
		};
		20FEB34C1CDBFD6C0088FE97 /* Products */ = {
			isa = PBXGroup;
			children = (
				20FEB34B1CDBFD6C0088FE97 /* CStcpSelect */,
			);
			name = Products;
			sourceTree = "<group>";
		};
		20FEB34D1CDBFD6C0088FE97 /* CStcpSelect */ = {
			isa = PBXGroup;
			children = (
				20FEB34E1CDBFD6C0088FE97 /* main.cpp */,
				20FEB3551CDBFD9D0088FE97 /* cipher.h */,
				20FEB3561CDC089E0088FE97 /* signOnServer.h */,
			);
			path = CStcpSelect;
			sourceTree = "<group>";
		};
/* End PBXGroup section */

/* Begin PBXNativeTarget section */
		20FEB34A1CDBFD6C0088FE97 /* CStcpSelect */ = {
			isa = PBXNativeTarget;
			buildConfigurationList = 20FEB3521CDBFD6C0088FE97 /* Build configuration list for PBXNativeTarget "CStcpSelect" */;
			buildPhases = (
				20FEB3471CDBFD6C0088FE97 /* Sources */,
				20FEB3481CDBFD6C0088FE97 /* Frameworks */,
				20FEB3491CDBFD6C0088FE97 /* CopyFiles */,
			);
			buildRules = (
			);
			dependencies = (
			);
			name = CStcpSelect;
			productName = CStcpSelect;
			productReference = 20FEB34B1CDBFD6C0088FE97 /* CStcpSelect */;
			productType = "com.apple.product-type.tool";
		};
/* End PBXNativeTarget section */

/* Begin PBXProject section */
		20FEB3431CDBFD6C0088FE97 /* Project object */ = {
			isa = PBXProject;
			attributes = {
				LastUpgradeCheck = 0730;
				ORGANIZATIONNAME = "Chris Walter";
				TargetAttributes = {
					20FEB34A1CDBFD6C0088FE97 = {
						CreatedOnToolsVersion = 7.3.1;
					};
				};
			};
			buildConfigurationList = 20FEB3461CDBFD6C0088FE97 /* Build configuration list for PBXProject "CStcpSelect" */;
			compatibilityVersion = "Xcode 3.2";
			developmentRegion = English;
			hasScannedForEncodings = 0;
			knownRegions = (
				en,
			);
			mainGroup = 20FEB3421CDBFD6C0088FE97;
			productRefGroup = 20FEB34C1CDBFD6C0088FE97 /* Products */;
			projectDirPath = "";
			projectRoot = "";
			targets = (
				20FEB34A1CDBFD6C0088FE97 /* CStcpSelect */,
			);
		};
/* End PBXProject section */

/* Begin PBXSourcesBuildPhase section */
		20FEB3471CDBFD6C0088FE97 /* Sources */ = {
			isa = PBXSourcesBuildPhase;
			buildActionMask = 2147483647;
			files = (
				20FEB34F1CDBFD6C0088FE97 /* main.cpp in Sources */,
			);
			runOnlyForDeploymentPostprocessing = 0;
		};
/* End PBXSourcesBuildPhase section */

/* Begin XCBuildConfiguration section */
		20FEB3501CDBFD6C0088FE97 /* Debug */ = {
			isa = XCBuildConfiguration;
			buildSettings = {
				ALWAYS_SEARCH_USER_PATHS = NO;
				CLANG_ANALYZER_NONNULL = YES;
				CLANG_CXX_LANGUAGE_STANDARD = "gnu++0x";
				CLANG_CXX_LIBRARY = "libc++";
				CLANG_ENABLE_MODULES = YES;
				CLANG_ENABLE_OBJC_ARC = YES;
				CLANG_WARN_BOOL_CONVERSION = YES;
				CLANG_WARN_CONSTANT_CONVERSION = YES;
				CLANG_WARN_DIRECT_OBJC_ISA_USAGE = YES_ERROR;
				CLANG_WARN_EMPTY_BODY = YES;
				CLANG_WARN_ENUM_CONVERSION = YES;
				CLANG_WARN_INT_CONVERSION = YES;
				CLANG_WARN_OBJC_ROOT_CLASS = YES_ERROR;
				CLANG_WARN_UNREACHABLE_CODE = YES;
				CLANG_WARN__DUPLICATE_METHOD_MATCH = YES;
				CODE_SIGN_IDENTITY = "-";
				COPY_PHASE_STRIP = NO;
				DEBUG_INFORMATION_FORMAT = dwarf;
				ENABLE_STRICT_OBJC_MSGSEND = YES;
				ENABLE_TESTABILITY = YES;
				GCC_C_LANGUAGE_STANDARD = gnu99;
				GCC_DYNAMIC_NO_PIC = NO;
				GCC_NO_COMMON_BLOCKS = YES;
				GCC_OPTIMIZATION_LEVEL = 0;
				GCC_PREPROCESSOR_DEFINITIONS = (
					"DEBUG=1",
					"$(inherited)",
				);
				GCC_WARN_64_TO_32_BIT_CONVERSION = YES;
				GCC_WARN_ABOUT_RETURN_TYPE = YES_ERROR;
				GCC_WARN_UNDECLARED_SELECTOR = YES;
				GCC_WARN_UNINITIALIZED_AUTOS = YES_AGGRESSIVE;
				GCC_WARN_UNUSED_FUNCTION = YES;
				GCC_WARN_UNUSED_VARIABLE = YES;
				MACOSX_DEPLOYMENT_TARGET = 10.11;
				MTL_ENABLE_DEBUG_INFO = YES;
				ONLY_ACTIVE_ARCH = YES;
				SDKROOT = macosx;
			};
			name = Debug;
		};
		20FEB3511CDBFD6C0088FE97 /* Release */ = {
			isa = XCBuildConfiguration;
			buildSettings = {
				ALWAYS_SEARCH_USER_PATHS = NO;
				CLANG_ANALYZER_NONNULL = YES;
				CLANG_CXX_LANGUAGE_STANDARD = "gnu++0x";
				CLANG_CXX_LIBRARY = "libc++";
				CLANG_ENABLE_MODULES = YES;
				CLANG_ENABLE_OBJC_ARC = YES;
				CLANG_WARN_BOOL_CONVERSION = YES;
				CLANG_WARN_CONSTANT_CONVERSION = YES;
				CLANG_WARN_DIRECT_OBJC_ISA_USAGE = YES_ERROR;
				CLANG_WARN_EMPTY_BODY = YES;
				CLANG_WARN_ENUM_CONVERSION = YES;
				CLANG_WARN_INT_CONVERSION = YES;
				CLANG_WARN_OBJC_ROOT_CLASS = YES_ERROR;
				CLANG_WARN_UNREACHABLE_CODE = YES;
				CLANG_WARN__DUPLICATE_METHOD_MATCH = YES;
				CODE_SIGN_IDENTITY = "-";
				COPY_PHASE_STRIP = NO;
				DEBUG_INFORMATION_FORMAT = "dwarf-with-dsym";
				ENABLE_NS_ASSERTIONS = NO;
				ENABLE_STRICT_OBJC_MSGSEND = YES;
				GCC_C_LANGUAGE_STANDARD = gnu99;
				GCC_NO_COMMON_BLOCKS = YES;
				GCC_WARN_64_TO_32_BIT_CONVERSION = YES;
				GCC_WARN_ABOUT_RETURN_TYPE = YES_ERROR;
				GCC_WARN_UNDECLARED_SELECTOR = YES;
				GCC_WARN_UNINITIALIZED_AUTOS = YES_AGGRESSIVE;
				GCC_WARN_UNUSED_FUNCTION = YES;
				GCC_WARN_UNUSED_VARIABLE = YES;
				MACOSX_DEPLOYMENT_TARGET = 10.11;
				MTL_ENABLE_DEBUG_INFO = NO;
				SDKROOT = macosx;
			};
			name = Release;
		};
		20FEB3531CDBFD6C0088FE97 /* Debug */ = {
			isa = XCBuildConfiguration;
			buildSettings = {
				PRODUCT_NAME = "$(TARGET_NAME)";
			};
			name = Debug;
		};
		20FEB3541CDBFD6C0088FE97 /* Release */ = {
			isa = XCBuildConfiguration;
			buildSettings = {
				PRODUCT_NAME = "$(TARGET_NAME)";
			};
			name = Release;
		};
/* End XCBuildConfiguration section */

/* Begin XCConfigurationList section */
		20FEB3461CDBFD6C0088FE97 /* Build configuration list for PBXProject "CStcpSelect" */ = {
			isa = XCConfigurationList;
			buildConfigurations = (
				20FEB3501CDBFD6C0088FE97 /* Debug */,
				20FEB3511CDBFD6C0088FE97 /* Release */,
			);
			defaultConfigurationIsVisible = 0;
			defaultConfigurationName = Release;
		};
		20FEB3521CDBFD6C0088FE97 /* Build configuration list for PBXNativeTarget "CStcpSelect" */ = {
			isa = XCConfigurationList;
			buildConfigurations = (
				20FEB3531CDBFD6C0088FE97 /* Debug */,
				20FEB3541CDBFD6C0088FE97 /* Release */,
			);
			defaultConfigurationIsVisible = 0;
		};
/* End XCConfigurationList section */
	};
	rootObject = 20FEB3431CDBFD6C0088FE97 /* Project object */;
}
